// !$*UTF8*$!
{
	archiveVersion = 1;
	classes = {
	};
	objectVersion = 48;
	objects = {

/* Begin PBXBuildFile section */
		A10C931B1FF51ED300D6A8AF /* CategoryViewController.swift in Sources */ = {isa = PBXBuildFile; fileRef = A10C931A1FF51ED300D6A8AF /* CategoryViewController.swift */; };
		A10C931F1FF6CDCE00D6A8AF /* Item.swift in Sources */ = {isa = PBXBuildFile; fileRef = A10C931E1FF6CDCE00D6A8AF /* Item.swift */; };
		A10C93211FF6CDDB00D6A8AF /* Category.swift in Sources */ = {isa = PBXBuildFile; fileRef = A10C93201FF6CDDB00D6A8AF /* Category.swift */; };
		A1CE44061FEF1B8F00912F5E /* AppDelegate.swift in Sources */ = {isa = PBXBuildFile; fileRef = A1CE44051FEF1B8F00912F5E /* AppDelegate.swift */; };
		A1CE44081FEF1B8F00912F5E /* TodoListViewController.swift in Sources */ = {isa = PBXBuildFile; fileRef = A1CE44071FEF1B8F00912F5E /* TodoListViewController.swift */; };
		A1CE440B1FEF1B8F00912F5E /* Main.storyboard in Resources */ = {isa = PBXBuildFile; fileRef = A1CE44091FEF1B8F00912F5E /* Main.storyboard */; };
		A1CE440D1FEF1B8F00912F5E /* Assets.xcassets in Resources */ = {isa = PBXBuildFile; fileRef = A1CE440C1FEF1B8F00912F5E /* Assets.xcassets */; };
		A1CE44101FEF1B8F00912F5E /* LaunchScreen.storyboard in Resources */ = {isa = PBXBuildFile; fileRef = A1CE440E1FEF1B8F00912F5E /* LaunchScreen.storyboard */; };
		A1E381311FF6F5F2000FB045 /* SwipeTableViewController.swift in Sources */ = {isa = PBXBuildFile; fileRef = A1E381301FF6F5F2000FB045 /* SwipeTableViewController.swift */; };
		DCB047B8AE17B962E56D6BD5 /* Pods_Todoey.framework in Frameworks */ = {isa = PBXBuildFile; fileRef = 45147B6FCE11E96540E8E9A2 /* Pods_Todoey.framework */; };
/* End PBXBuildFile section */

/* Begin PBXFileReference section */
		407B41D6A36072FF0705D039 /* Pods-Todoey.debug.xcconfig */ = {isa = PBXFileReference; includeInIndex = 1; lastKnownFileType = text.xcconfig; name = "Pods-Todoey.debug.xcconfig"; path = "Pods/Target Support Files/Pods-Todoey/Pods-Todoey.debug.xcconfig"; sourceTree = "<group>"; };
		45147B6FCE11E96540E8E9A2 /* Pods_Todoey.framework */ = {isa = PBXFileReference; explicitFileType = wrapper.framework; includeInIndex = 0; path = Pods_Todoey.framework; sourceTree = BUILT_PRODUCTS_DIR; };
		6808837A0BE9A1A97ECDAD12 /* Pods-Todoey.release.xcconfig */ = {isa = PBXFileReference; includeInIndex = 1; lastKnownFileType = text.xcconfig; name = "Pods-Todoey.release.xcconfig"; path = "Pods/Target Support Files/Pods-Todoey/Pods-Todoey.release.xcconfig"; sourceTree = "<group>"; };
		A10C931A1FF51ED300D6A8AF /* CategoryViewController.swift */ = {isa = PBXFileReference; lastKnownFileType = sourcecode.swift; path = CategoryViewController.swift; sourceTree = "<group>"; };
		A10C931E1FF6CDCE00D6A8AF /* Item.swift */ = {isa = PBXFileReference; lastKnownFileType = sourcecode.swift; path = Item.swift; sourceTree = "<group>"; };
		A10C93201FF6CDDB00D6A8AF /* Category.swift */ = {isa = PBXFileReference; lastKnownFileType = sourcecode.swift; path = Category.swift; sourceTree = "<group>"; };
		A1CE44021FEF1B8F00912F5E /* Todoey.app */ = {isa = PBXFileReference; explicitFileType = wrapper.application; includeInIndex = 0; path = Todoey.app; sourceTree = BUILT_PRODUCTS_DIR; };
		A1CE44051FEF1B8F00912F5E /* AppDelegate.swift */ = {isa = PBXFileReference; lastKnownFileType = sourcecode.swift; path = AppDelegate.swift; sourceTree = "<group>"; };
		A1CE44071FEF1B8F00912F5E /* TodoListViewController.swift */ = {isa = PBXFileReference; lastKnownFileType = sourcecode.swift; path = TodoListViewController.swift; sourceTree = "<group>"; };
		A1CE440A1FEF1B8F00912F5E /* Base */ = {isa = PBXFileReference; lastKnownFileType = file.storyboard; name = Base; path = Base.lproj/Main.storyboard; sourceTree = "<group>"; };
		A1CE440C1FEF1B8F00912F5E /* Assets.xcassets */ = {isa = PBXFileReference; lastKnownFileType = folder.assetcatalog; path = Assets.xcassets; sourceTree = "<group>"; };
		A1CE440F1FEF1B8F00912F5E /* Base */ = {isa = PBXFileReference; lastKnownFileType = file.storyboard; name = Base; path = Base.lproj/LaunchScreen.storyboard; sourceTree = "<group>"; };
		A1CE44111FEF1B8F00912F5E /* Info.plist */ = {isa = PBXFileReference; lastKnownFileType = text.plist.xml; path = Info.plist; sourceTree = "<group>"; };
		A1E381301FF6F5F2000FB045 /* SwipeTableViewController.swift */ = {isa = PBXFileReference; lastKnownFileType = sourcecode.swift; path = SwipeTableViewController.swift; sourceTree = "<group>"; };
/* End PBXFileReference section */

/* Begin PBXFrameworksBuildPhase section */
		A1CE43FF1FEF1B8F00912F5E /* Frameworks */ = {
			isa = PBXFrameworksBuildPhase;
			buildActionMask = 2147483647;
			files = (
				DCB047B8AE17B962E56D6BD5 /* Pods_Todoey.framework in Frameworks */,
			);
			runOnlyForDeploymentPostprocessing = 0;
		};
/* End PBXFrameworksBuildPhase section */

/* Begin PBXGroup section */
		0725588273FD1161767E0CEB /* Pods */ = {
			isa = PBXGroup;
			children = (
				407B41D6A36072FF0705D039 /* Pods-Todoey.debug.xcconfig */,
				6808837A0BE9A1A97ECDAD12 /* Pods-Todoey.release.xcconfig */,
			);
			name = Pods;
			sourceTree = "<group>";
		};
		A1CE43F91FEF1B8F00912F5E = {
			isa = PBXGroup;
			children = (
				A1CE44041FEF1B8F00912F5E /* Todoey */,
				A1CE44031FEF1B8F00912F5E /* Products */,
				0725588273FD1161767E0CEB /* Pods */,
				E81CEE6F2CDDB0ECED136C4A /* Frameworks */,
			);
			sourceTree = "<group>";
		};
		A1CE44031FEF1B8F00912F5E /* Products */ = {
			isa = PBXGroup;
			children = (
				A1CE44021FEF1B8F00912F5E /* Todoey.app */,
			);
			name = Products;
			sourceTree = "<group>";
		};
		A1CE44041FEF1B8F00912F5E /* Todoey */ = {
			isa = PBXGroup;
			children = (
				A1CE44051FEF1B8F00912F5E /* AppDelegate.swift */,
				A1CE44191FEFCD2800912F5E /* Model */,
				A1CE441B1FEFCD4700912F5E /* View */,
				A1CE441A1FEFCD3F00912F5E /* Controller */,
				A1CE441C1FEFCD5400912F5E /* Support Files */,
				A1CE44111FEF1B8F00912F5E /* Info.plist */,
			);
			path = Todoey;
			sourceTree = "<group>";
		};
		A1CE44191FEFCD2800912F5E /* Model */ = {
			isa = PBXGroup;
			children = (
				A10C931E1FF6CDCE00D6A8AF /* Item.swift */,
				A10C93201FF6CDDB00D6A8AF /* Category.swift */,
			);
			path = Model;
			sourceTree = "<group>";
		};
		A1CE441A1FEFCD3F00912F5E /* Controller */ = {
			isa = PBXGroup;
			children = (
				A10C931A1FF51ED300D6A8AF /* CategoryViewController.swift */,
				A1CE44071FEF1B8F00912F5E /* TodoListViewController.swift */,
				A1E381301FF6F5F2000FB045 /* SwipeTableViewController.swift */,
			);
			path = Controller;
			sourceTree = "<group>";
		};
		A1CE441B1FEFCD4700912F5E /* View */ = {
			isa = PBXGroup;
			children = (
				A1CE44091FEF1B8F00912F5E /* Main.storyboard */,
			);
			path = View;
			sourceTree = "<group>";
		};
		A1CE441C1FEFCD5400912F5E /* Support Files */ = {
			isa = PBXGroup;
			children = (
				A1CE440C1FEF1B8F00912F5E /* Assets.xcassets */,
				A1CE440E1FEF1B8F00912F5E /* LaunchScreen.storyboard */,
			);
			path = "Support Files";
			sourceTree = "<group>";
		};
		E81CEE6F2CDDB0ECED136C4A /* Frameworks */ = {
			isa = PBXGroup;
			children = (
				45147B6FCE11E96540E8E9A2 /* Pods_Todoey.framework */,
			);
			name = Frameworks;
			sourceTree = "<group>";
		};
/* End PBXGroup section */

/* Begin PBXNativeTarget section */
		A1CE44011FEF1B8F00912F5E /* Todoey */ = {
			isa = PBXNativeTarget;
			buildConfigurationList = A1CE44141FEF1B8F00912F5E /* Build configuration list for PBXNativeTarget "Todoey" */;
			buildPhases = (
				EE68819633A05DFCB7EB94F6 /* [CP] Check Pods Manifest.lock */,
				A1CE43FE1FEF1B8F00912F5E /* Sources */,
				A1CE43FF1FEF1B8F00912F5E /* Frameworks */,
				A1CE44001FEF1B8F00912F5E /* Resources */,
				3561B30585ACE60AE0A5340E /* [CP] Embed Pods Frameworks */,
				1F70880546FAA637E091C998 /* [CP] Copy Pods Resources */,
			);
			buildRules = (
			);
			dependencies = (
			);
			name = Todoey;
			productName = Todoey;
			productReference = A1CE44021FEF1B8F00912F5E /* Todoey.app */;
			productType = "com.apple.product-type.application";
		};
/* End PBXNativeTarget section */

/* Begin PBXProject section */
		A1CE43FA1FEF1B8F00912F5E /* Project object */ = {
			isa = PBXProject;
			attributes = {
				LastSwiftUpdateCheck = 0920;
				LastUpgradeCheck = 0920;
				ORGANIZATIONNAME = "Francisco Rivas";
				TargetAttributes = {
					A1CE44011FEF1B8F00912F5E = {
						CreatedOnToolsVersion = 9.2;
						ProvisioningStyle = Automatic;
					};
				};
			};
			buildConfigurationList = A1CE43FD1FEF1B8F00912F5E /* Build configuration list for PBXProject "Todoey" */;
			compatibilityVersion = "Xcode 8.0";
			developmentRegion = en;
			hasScannedForEncodings = 0;
			knownRegions = (
				en,
				Base,
			);
			mainGroup = A1CE43F91FEF1B8F00912F5E;
			productRefGroup = A1CE44031FEF1B8F00912F5E /* Products */;
			projectDirPath = "";
			projectRoot = "";
			targets = (
				A1CE44011FEF1B8F00912F5E /* Todoey */,
			);
		};
/* End PBXProject section */

/* Begin PBXResourcesBuildPhase section */
		A1CE44001FEF1B8F00912F5E /* Resources */ = {
			isa = PBXResourcesBuildPhase;
			buildActionMask = 2147483647;
			files = (
				A1CE44101FEF1B8F00912F5E /* LaunchScreen.storyboard in Resources */,
				A1CE440D1FEF1B8F00912F5E /* Assets.xcassets in Resources */,
				A1CE440B1FEF1B8F00912F5E /* Main.storyboard in Resources */,
			);
			runOnlyForDeploymentPostprocessing = 0;
		};
/* End PBXResourcesBuildPhase section */

/* Begin PBXShellScriptBuildPhase section */
		1F70880546FAA637E091C998 /* [CP] Copy Pods Resources */ = {
			isa = PBXShellScriptBuildPhase;
			buildActionMask = 2147483647;
			files = (
			);
			inputPaths = (
			);
			name = "[CP] Copy Pods Resources";
			outputPaths = (
			);
			runOnlyForDeploymentPostprocessing = 0;
			shellPath = /bin/sh;
			shellScript = "\"${SRCROOT}/Pods/Target Support Files/Pods-Todoey/Pods-Todoey-resources.sh\"\n";
			showEnvVarsInLog = 0;
		};
		3561B30585ACE60AE0A5340E /* [CP] Embed Pods Frameworks */ = {
			isa = PBXShellScriptBuildPhase;
			buildActionMask = 2147483647;
			files = (
			);
			inputPaths = (
				"${SRCROOT}/Pods/Target Support Files/Pods-Todoey/Pods-Todoey-frameworks.sh",
				"${BUILT_PRODUCTS_DIR}/ChameleonFramework/ChameleonFramework.framework",
				"${BUILT_PRODUCTS_DIR}/Realm/Realm.framework",
				"${BUILT_PRODUCTS_DIR}/RealmSwift/RealmSwift.framework",
				"${BUILT_PRODUCTS_DIR}/SwipeCellKit/SwipeCellKit.framework",
			);
			name = "[CP] Embed Pods Frameworks";
			outputPaths = (
				"${TARGET_BUILD_DIR}/${FRAMEWORKS_FOLDER_PATH}/ChameleonFramework.framework",
				"${TARGET_BUILD_DIR}/${FRAMEWORKS_FOLDER_PATH}/Realm.framework",
				"${TARGET_BUILD_DIR}/${FRAMEWORKS_FOLDER_PATH}/RealmSwift.framework",
				"${TARGET_BUILD_DIR}/${FRAMEWORKS_FOLDER_PATH}/SwipeCellKit.framework",
			);
			runOnlyForDeploymentPostprocessing = 0;
			shellPath = /bin/sh;
			shellScript = "\"${SRCROOT}/Pods/Target Support Files/Pods-Todoey/Pods-Todoey-frameworks.sh\"\n";
			showEnvVarsInLog = 0;
		};
		EE68819633A05DFCB7EB94F6 /* [CP] Check Pods Manifest.lock */ = {
			isa = PBXShellScriptBuildPhase;
			buildActionMask = 2147483647;
			files = (
			);
			inputPaths = (
				"${PODS_PODFILE_DIR_PATH}/Podfile.lock",
				"${PODS_ROOT}/Manifest.lock",
			);
			name = "[CP] Check Pods Manifest.lock";
			outputPaths = (
				"$(DERIVED_FILE_DIR)/Pods-Todoey-checkManifestLockResult.txt",
			);
			runOnlyForDeploymentPostprocessing = 0;
			shellPath = /bin/sh;
			shellScript = "diff \"${PODS_PODFILE_DIR_PATH}/Podfile.lock\" \"${PODS_ROOT}/Manifest.lock\" > /dev/null\nif [ $? != 0 ] ; then\n    # print error to STDERR\n    echo \"error: The sandbox is not in sync with the Podfile.lock. Run 'pod install' or update your CocoaPods installation.\" >&2\n    exit 1\nfi\n# This output is used by Xcode 'outputs' to avoid re-running this script phase.\necho \"SUCCESS\" > \"${SCRIPT_OUTPUT_FILE_0}\"\n";
			showEnvVarsInLog = 0;
		};
/* End PBXShellScriptBuildPhase section */

/* Begin PBXSourcesBuildPhase section */
		A1CE43FE1FEF1B8F00912F5E /* Sources */ = {
			isa = PBXSourcesBuildPhase;
			buildActionMask = 2147483647;
			files = (
				A10C931F1FF6CDCE00D6A8AF /* Item.swift in Sources */,
				A10C931B1FF51ED300D6A8AF /* CategoryViewController.swift in Sources */,
				A1CE44081FEF1B8F00912F5E /* TodoListViewController.swift in Sources */,
				A1CE44061FEF1B8F00912F5E /* AppDelegate.swift in Sources */,
				A1E381311FF6F5F2000FB045 /* SwipeTableViewController.swift in Sources */,
				A10C93211FF6CDDB00D6A8AF /* Category.swift in Sources */,
			);
			runOnlyForDeploymentPostprocessing = 0;
		};
/* End PBXSourcesBuildPhase section */

/* Begin PBXVariantGroup section */
		A1CE44091FEF1B8F00912F5E /* Main.storyboard */ = {
			isa = PBXVariantGroup;
			children = (
				A1CE440A1FEF1B8F00912F5E /* Base */,
			);
			name = Main.storyboard;
			sourceTree = "<group>";
		};
		A1CE440E1FEF1B8F00912F5E /* LaunchScreen.storyboard */ = {
			isa = PBXVariantGroup;
			children = (
				A1CE440F1FEF1B8F00912F5E /* Base */,
			);
			name = LaunchScreen.storyboard;
			sourceTree = "<group>";
		};
/* End PBXVariantGroup section */

/* Begin XCBuildConfiguration section */
		A1CE44121FEF1B8F00912F5E /* Debug */ = {
			isa = XCBuildConfiguration;
			buildSettings = {
				ALWAYS_SEARCH_USER_PATHS = NO;
				CLANG_ANALYZER_NONNULL = YES;
				CLANG_ANALYZER_NUMBER_OBJECT_CONVERSION = YES_AGGRESSIVE;
				CLANG_CXX_LANGUAGE_STANDARD = "gnu++14";
				CLANG_CXX_LIBRARY = "libc++";
				CLANG_ENABLE_MODULES = YES;
				CLANG_ENABLE_OBJC_ARC = YES;
				CLANG_WARN_BLOCK_CAPTURE_AUTORELEASING = YES;
				CLANG_WARN_BOOL_CONVERSION = YES;
				CLANG_WARN_COMMA = YES;
				CLANG_WARN_CONSTANT_CONVERSION = YES;
				CLANG_WARN_DIRECT_OBJC_ISA_USAGE = YES_ERROR;
				CLANG_WARN_DOCUMENTATION_COMMENTS = YES;
				CLANG_WARN_EMPTY_BODY = YES;
				CLANG_WARN_ENUM_CONVERSION = YES;
				CLANG_WARN_INFINITE_RECURSION = YES;
				CLANG_WARN_INT_CONVERSION = YES;
				CLANG_WARN_NON_LITERAL_NULL_CONVERSION = YES;
				CLANG_WARN_OBJC_LITERAL_CONVERSION = YES;
				CLANG_WARN_OBJC_ROOT_CLASS = YES_ERROR;
				CLANG_WARN_RANGE_LOOP_ANALYSIS = YES;
				CLANG_WARN_STRICT_PROTOTYPES = YES;
				CLANG_WARN_SUSPICIOUS_MOVE = YES;
				CLANG_WARN_UNGUARDED_AVAILABILITY = YES_AGGRESSIVE;
				CLANG_WARN_UNREACHABLE_CODE = YES;
				CLANG_WARN__DUPLICATE_METHOD_MATCH = YES;
				CODE_SIGN_IDENTITY = "iPhone Developer";
				COPY_PHASE_STRIP = NO;
				DEBUG_INFORMATION_FORMAT = dwarf;
				ENABLE_STRICT_OBJC_MSGSEND = YES;
				ENABLE_TESTABILITY = YES;
				GCC_C_LANGUAGE_STANDARD = gnu11;
				GCC_DYNAMIC_NO_PIC = NO;
				GCC_NO_COMMON_BLOCKS = YES;
				GCC_OPTIMIZATION_LEVEL = 0;
				GCC_PREPROCESSOR_DEFINITIONS = (
					"DEBUG=1",
					"$(inherited)",
				);
				GCC_WARN_64_TO_32_BIT_CONVERSION = YES;
				GCC_WARN_ABOUT_RETURN_TYPE = YES_ERROR;
				GCC_WARN_UNDECLARED_SELECTOR = YES;
				GCC_WARN_UNINITIALIZED_AUTOS = YES_AGGRESSIVE;
				GCC_WARN_UNUSED_FUNCTION = YES;
				GCC_WARN_UNUSED_VARIABLE = YES;
				IPHONEOS_DEPLOYMENT_TARGET = 11.2;
				MTL_ENABLE_DEBUG_INFO = YES;
				ONLY_ACTIVE_ARCH = YES;
				SDKROOT = iphoneos;
				SWIFT_ACTIVE_COMPILATION_CONDITIONS = DEBUG;
				SWIFT_OPTIMIZATION_LEVEL = "-Onone";
			};
			name = Debug;
		};
		A1CE44131FEF1B8F00912F5E /* Release */ = {
			isa = XCBuildConfiguration;
			buildSettings = {
				ALWAYS_SEARCH_USER_PATHS = NO;
				CLANG_ANALYZER_NONNULL = YES;
				CLANG_ANALYZER_NUMBER_OBJECT_CONVERSION = YES_AGGRESSIVE;
				CLANG_CXX_LANGUAGE_STANDARD = "gnu++14";
				CLANG_CXX_LIBRARY = "libc++";
				CLANG_ENABLE_MODULES = YES;
				CLANG_ENABLE_OBJC_ARC = YES;
				CLANG_WARN_BLOCK_CAPTURE_AUTORELEASING = YES;
				CLANG_WARN_BOOL_CONVERSION = YES;
				CLANG_WARN_COMMA = YES;
				CLANG_WARN_CONSTANT_CONVERSION = YES;
				CLANG_WARN_DIRECT_OBJC_ISA_USAGE = YES_ERROR;
				CLANG_WARN_DOCUMENTATION_COMMENTS = YES;
				CLANG_WARN_EMPTY_BODY = YES;
				CLANG_WARN_ENUM_CONVERSION = YES;
				CLANG_WARN_INFINITE_RECURSION = YES;
				CLANG_WARN_INT_CONVERSION = YES;
				CLANG_WARN_NON_LITERAL_NULL_CONVERSION = YES;
				CLANG_WARN_OBJC_LITERAL_CONVERSION = YES;
				CLANG_WARN_OBJC_ROOT_CLASS = YES_ERROR;
				CLANG_WARN_RANGE_LOOP_ANALYSIS = YES;
				CLANG_WARN_STRICT_PROTOTYPES = YES;
				CLANG_WARN_SUSPICIOUS_MOVE = YES;
				CLANG_WARN_UNGUARDED_AVAILABILITY = YES_AGGRESSIVE;
				CLANG_WARN_UNREACHABLE_CODE = YES;
				CLANG_WARN__DUPLICATE_METHOD_MATCH = YES;
				CODE_SIGN_IDENTITY = "iPhone Developer";
				COPY_PHASE_STRIP = NO;
				DEBUG_INFORMATION_FORMAT = "dwarf-with-dsym";
				ENABLE_NS_ASSERTIONS = NO;
				ENABLE_STRICT_OBJC_MSGSEND = YES;
				GCC_C_LANGUAGE_STANDARD = gnu11;
				GCC_NO_COMMON_BLOCKS = YES;
				GCC_WARN_64_TO_32_BIT_CONVERSION = YES;
				GCC_WARN_ABOUT_RETURN_TYPE = YES_ERROR;
				GCC_WARN_UNDECLARED_SELECTOR = YES;
				GCC_WARN_UNINITIALIZED_AUTOS = YES_AGGRESSIVE;
				GCC_WARN_UNUSED_FUNCTION = YES;
				GCC_WARN_UNUSED_VARIABLE = YES;
				IPHONEOS_DEPLOYMENT_TARGET = 11.2;
				MTL_ENABLE_DEBUG_INFO = NO;
				SDKROOT = iphoneos;
				SWIFT_OPTIMIZATION_LEVEL = "-Owholemodule";
				VALIDATE_PRODUCT = YES;
			};
			name = Release;
		};
		A1CE44151FEF1B8F00912F5E /* Debug */ = {
			isa = XCBuildConfiguration;
			baseConfigurationReference = 407B41D6A36072FF0705D039 /* Pods-Todoey.debug.xcconfig */;
			buildSettings = {
				ASSETCATALOG_COMPILER_APPICON_NAME = AppIcon;
				CODE_SIGN_STYLE = Automatic;
				DEVELOPMENT_TEAM = XS85SKP479;
				INFOPLIST_FILE = Todoey/Info.plist;
				LD_RUNPATH_SEARCH_PATHS = "$(inherited) @executable_path/Frameworks";
				PRODUCT_BUNDLE_IDENTIFIER = com.235apps.todoey.Todoey;
				PRODUCT_NAME = "$(TARGET_NAME)";
				SWIFT_VERSION = 4.0;
				TARGETED_DEVICE_FAMILY = 1;
			};
			name = Debug;
		};
		A1CE44161FEF1B8F00912F5E /* Release */ = {
			isa = XCBuildConfiguration;
			baseConfigurationReference = 6808837A0BE9A1A97ECDAD12 /* Pods-Todoey.release.xcconfig */;
			buildSettings = {
				ASSETCATALOG_COMPILER_APPICON_NAME = AppIcon;
				CODE_SIGN_STYLE = Automatic;
				DEVELOPMENT_TEAM = XS85SKP479;
				INFOPLIST_FILE = Todoey/Info.plist;
				LD_RUNPATH_SEARCH_PATHS = "$(inherited) @executable_path/Frameworks";
				PRODUCT_BUNDLE_IDENTIFIER = com.235apps.todoey.Todoey;
				PRODUCT_NAME = "$(TARGET_NAME)";
				SWIFT_VERSION = 4.0;
				TARGETED_DEVICE_FAMILY = 1;
			};
			name = Release;
		};
/* End XCBuildConfiguration section */

/* Begin XCConfigurationList section */
		A1CE43FD1FEF1B8F00912F5E /* Build configuration list for PBXProject "Todoey" */ = {
			isa = XCConfigurationList;
			buildConfigurations = (
				A1CE44121FEF1B8F00912F5E /* Debug */,
				A1CE44131FEF1B8F00912F5E /* Release */,
			);
			defaultConfigurationIsVisible = 0;
			defaultConfigurationName = Release;
		};
		A1CE44141FEF1B8F00912F5E /* Build configuration list for PBXNativeTarget "Todoey" */ = {
			isa = XCConfigurationList;
			buildConfigurations = (
				A1CE44151FEF1B8F00912F5E /* Debug */,
				A1CE44161FEF1B8F00912F5E /* Release */,
			);
			defaultConfigurationIsVisible = 0;
			defaultConfigurationName = Release;
		};
/* End XCConfigurationList section */
	};
	rootObject = A1CE43FA1FEF1B8F00912F5E /* Project object */;
}
